// !$*UTF8*$!
{
	archiveVersion = 1;
	classes = {
	};
	objectVersion = 46;
	objects = {

/* Begin PBXBuildFile section */
		689372761D51897A002AF58E /* AppDelegate.swift in Sources */ = {isa = PBXBuildFile; fileRef = 689372751D51897A002AF58E /* AppDelegate.swift */; };
		689372781D51897A002AF58E /* ViewController.swift in Sources */ = {isa = PBXBuildFile; fileRef = 689372771D51897A002AF58E /* ViewController.swift */; };
		6893727B1D51897A002AF58E /* Main.storyboard in Resources */ = {isa = PBXBuildFile; fileRef = 689372791D51897A002AF58E /* Main.storyboard */; };
		6893727D1D51897A002AF58E /* Assets.xcassets in Resources */ = {isa = PBXBuildFile; fileRef = 6893727C1D51897A002AF58E /* Assets.xcassets */; };
		689372801D51897A002AF58E /* LaunchScreen.storyboard in Resources */ = {isa = PBXBuildFile; fileRef = 6893727E1D51897A002AF58E /* LaunchScreen.storyboard */; };
		6893728B1D51897A002AF58E /* TableViewHeadBigTests.swift in Sources */ = {isa = PBXBuildFile; fileRef = 6893728A1D51897A002AF58E /* TableViewHeadBigTests.swift */; };
		689372961D51897A002AF58E /* TableViewHeadBigUITests.swift in Sources */ = {isa = PBXBuildFile; fileRef = 689372951D51897A002AF58E /* TableViewHeadBigUITests.swift */; };
		689372A61D51A12D002AF58E /* wumei.png in Resources */ = {isa = PBXBuildFile; fileRef = 689372A51D51A12D002AF58E /* wumei.png */; };
/* End PBXBuildFile section */

/* Begin PBXContainerItemProxy section */
		689372871D51897A002AF58E /* PBXContainerItemProxy */ = {
			isa = PBXContainerItemProxy;
			containerPortal = 6893726A1D51897A002AF58E /* Project object */;
			proxyType = 1;
			remoteGlobalIDString = 689372711D51897A002AF58E;
			remoteInfo = TableViewHeadBig;
		};
		689372921D51897A002AF58E /* PBXContainerItemProxy */ = {
			isa = PBXContainerItemProxy;
			containerPortal = 6893726A1D51897A002AF58E /* Project object */;
			proxyType = 1;
			remoteGlobalIDString = 689372711D51897A002AF58E;
			remoteInfo = TableViewHeadBig;
		};
/* End PBXContainerItemProxy section */

/* Begin PBXFileReference section */
		689372721D51897A002AF58E /* TableViewHeadBig.app */ = {isa = PBXFileReference; explicitFileType = wrapper.application; includeInIndex = 0; path = TableViewHeadBig.app; sourceTree = BUILT_PRODUCTS_DIR; };
		689372751D51897A002AF58E /* AppDelegate.swift */ = {isa = PBXFileReference; lastKnownFileType = sourcecode.swift; path = AppDelegate.swift; sourceTree = "<group>"; };
		689372771D51897A002AF58E /* ViewController.swift */ = {isa = PBXFileReference; lastKnownFileType = sourcecode.swift; path = ViewController.swift; sourceTree = "<group>"; };
		6893727A1D51897A002AF58E /* Base */ = {isa = PBXFileReference; lastKnownFileType = file.storyboard; name = Base; path = Base.lproj/Main.storyboard; sourceTree = "<group>"; };
		6893727C1D51897A002AF58E /* Assets.xcassets */ = {isa = PBXFileReference; lastKnownFileType = folder.assetcatalog; path = Assets.xcassets; sourceTree = "<group>"; };
		6893727F1D51897A002AF58E /* Base */ = {isa = PBXFileReference; lastKnownFileType = file.storyboard; name = Base; path = Base.lproj/LaunchScreen.storyboard; sourceTree = "<group>"; };
		689372811D51897A002AF58E /* Info.plist */ = {isa = PBXFileReference; lastKnownFileType = text.plist.xml; path = Info.plist; sourceTree = "<group>"; };
		689372861D51897A002AF58E /* TableViewHeadBigTests.xctest */ = {isa = PBXFileReference; explicitFileType = wrapper.cfbundle; includeInIndex = 0; path = TableViewHeadBigTests.xctest; sourceTree = BUILT_PRODUCTS_DIR; };
		6893728A1D51897A002AF58E /* TableViewHeadBigTests.swift */ = {isa = PBXFileReference; lastKnownFileType = sourcecode.swift; path = TableViewHeadBigTests.swift; sourceTree = "<group>"; };
		6893728C1D51897A002AF58E /* Info.plist */ = {isa = PBXFileReference; lastKnownFileType = text.plist.xml; path = Info.plist; sourceTree = "<group>"; };
		689372911D51897A002AF58E /* TableViewHeadBigUITests.xctest */ = {isa = PBXFileReference; explicitFileType = wrapper.cfbundle; includeInIndex = 0; path = TableViewHeadBigUITests.xctest; sourceTree = BUILT_PRODUCTS_DIR; };
		689372951D51897A002AF58E /* TableViewHeadBigUITests.swift */ = {isa = PBXFileReference; lastKnownFileType = sourcecode.swift; path = TableViewHeadBigUITests.swift; sourceTree = "<group>"; };
		689372971D51897A002AF58E /* Info.plist */ = {isa = PBXFileReference; lastKnownFileType = text.plist.xml; path = Info.plist; sourceTree = "<group>"; };
		689372A51D51A12D002AF58E /* wumei.png */ = {isa = PBXFileReference; lastKnownFileType = image.png; path = wumei.png; sourceTree = "<group>"; };
/* End PBXFileReference section */

/* Begin PBXFrameworksBuildPhase section */
		6893726F1D51897A002AF58E /* Frameworks */ = {
			isa = PBXFrameworksBuildPhase;
			buildActionMask = 2147483647;
			files = (
			);
			runOnlyForDeploymentPostprocessing = 0;
		};
		689372831D51897A002AF58E /* Frameworks */ = {
			isa = PBXFrameworksBuildPhase;
			buildActionMask = 2147483647;
			files = (
			);
			runOnlyForDeploymentPostprocessing = 0;
		};
		6893728E1D51897A002AF58E /* Frameworks */ = {
			isa = PBXFrameworksBuildPhase;
			buildActionMask = 2147483647;
			files = (
			);
			runOnlyForDeploymentPostprocessing = 0;
		};
/* End PBXFrameworksBuildPhase section */

/* Begin PBXGroup section */
		689372691D51897A002AF58E = {
			isa = PBXGroup;
			children = (
				689372741D51897A002AF58E /* TableViewHeadBig */,
				689372891D51897A002AF58E /* TableViewHeadBigTests */,
				689372941D51897A002AF58E /* TableViewHeadBigUITests */,
				689372731D51897A002AF58E /* Products */,
			);
			sourceTree = "<group>";
		};
		689372731D51897A002AF58E /* Products */ = {
			isa = PBXGroup;
			children = (
				689372721D51897A002AF58E /* TableViewHeadBig.app */,
				689372861D51897A002AF58E /* TableViewHeadBigTests.xctest */,
				689372911D51897A002AF58E /* TableViewHeadBigUITests.xctest */,
			);
			name = Products;
			sourceTree = "<group>";
		};
		689372741D51897A002AF58E /* TableViewHeadBig */ = {
			isa = PBXGroup;
			children = (
				689372751D51897A002AF58E /* AppDelegate.swift */,
				689372771D51897A002AF58E /* ViewController.swift */,
				689372791D51897A002AF58E /* Main.storyboard */,
				6893727C1D51897A002AF58E /* Assets.xcassets */,
				6893727E1D51897A002AF58E /* LaunchScreen.storyboard */,
				689372A51D51A12D002AF58E /* wumei.png */,
				689372811D51897A002AF58E /* Info.plist */,
			);
			path = TableViewHeadBig;
			sourceTree = "<group>";
		};
		689372891D51897A002AF58E /* TableViewHeadBigTests */ = {
			isa = PBXGroup;
			children = (
				6893728A1D51897A002AF58E /* TableViewHeadBigTests.swift */,
				6893728C1D51897A002AF58E /* Info.plist */,
			);
			path = TableViewHeadBigTests;
			sourceTree = "<group>";
		};
		689372941D51897A002AF58E /* TableViewHeadBigUITests */ = {
			isa = PBXGroup;
			children = (
				689372951D51897A002AF58E /* TableViewHeadBigUITests.swift */,
				689372971D51897A002AF58E /* Info.plist */,
			);
			path = TableViewHeadBigUITests;
			sourceTree = "<group>";
		};
/* End PBXGroup section */

/* Begin PBXNativeTarget section */
		689372711D51897A002AF58E /* TableViewHeadBig */ = {
			isa = PBXNativeTarget;
			buildConfigurationList = 6893729A1D51897A002AF58E /* Build configuration list for PBXNativeTarget "TableViewHeadBig" */;
			buildPhases = (
				6893726E1D51897A002AF58E /* Sources */,
				6893726F1D51897A002AF58E /* Frameworks */,
				689372701D51897A002AF58E /* Resources */,
			);
			buildRules = (
			);
			dependencies = (
			);
			name = TableViewHeadBig;
			productName = TableViewHeadBig;
			productReference = 689372721D51897A002AF58E /* TableViewHeadBig.app */;
			productType = "com.apple.product-type.application";
		};
		689372851D51897A002AF58E /* TableViewHeadBigTests */ = {
			isa = PBXNativeTarget;
			buildConfigurationList = 6893729D1D51897A002AF58E /* Build configuration list for PBXNativeTarget "TableViewHeadBigTests" */;
			buildPhases = (
				689372821D51897A002AF58E /* Sources */,
				689372831D51897A002AF58E /* Frameworks */,
				689372841D51897A002AF58E /* Resources */,
			);
			buildRules = (
			);
			dependencies = (
				689372881D51897A002AF58E /* PBXTargetDependency */,
			);
			name = TableViewHeadBigTests;
			productName = TableViewHeadBigTests;
			productReference = 689372861D51897A002AF58E /* TableViewHeadBigTests.xctest */;
			productType = "com.apple.product-type.bundle.unit-test";
		};
		689372901D51897A002AF58E /* TableViewHeadBigUITests */ = {
			isa = PBXNativeTarget;
			buildConfigurationList = 689372A01D51897A002AF58E /* Build configuration list for PBXNativeTarget "TableViewHeadBigUITests" */;
			buildPhases = (
				6893728D1D51897A002AF58E /* Sources */,
				6893728E1D51897A002AF58E /* Frameworks */,
				6893728F1D51897A002AF58E /* Resources */,
			);
			buildRules = (
			);
			dependencies = (
				689372931D51897A002AF58E /* PBXTargetDependency */,
			);
			name = TableViewHeadBigUITests;
			productName = TableViewHeadBigUITests;
			productReference = 689372911D51897A002AF58E /* TableViewHeadBigUITests.xctest */;
			productType = "com.apple.product-type.bundle.ui-testing";
		};
/* End PBXNativeTarget section */

/* Begin PBXProject section */
		6893726A1D51897A002AF58E /* Project object */ = {
			isa = PBXProject;
			attributes = {
				LastSwiftUpdateCheck = 0730;
				LastUpgradeCheck = 0730;
				ORGANIZATIONNAME = lanhe;
				TargetAttributes = {
					689372711D51897A002AF58E = {
						CreatedOnToolsVersion = 7.3.1;
					};
					689372851D51897A002AF58E = {
						CreatedOnToolsVersion = 7.3.1;
						TestTargetID = 689372711D51897A002AF58E;
					};
					689372901D51897A002AF58E = {
						CreatedOnToolsVersion = 7.3.1;
						TestTargetID = 689372711D51897A002AF58E;
					};
				};
			};
			buildConfigurationList = 6893726D1D51897A002AF58E /* Build configuration list for PBXProject "TableViewHeadBig" */;
			compatibilityVersion = "Xcode 3.2";
			developmentRegion = English;
			hasScannedForEncodings = 0;
			knownRegions = (
				en,
				Base,
			);
			mainGroup = 689372691D51897A002AF58E;
			productRefGroup = 689372731D51897A002AF58E /* Products */;
			projectDirPath = "";
			projectRoot = "";
			targets = (
				689372711D51897A002AF58E /* TableViewHeadBig */,
				689372851D51897A002AF58E /* TableViewHeadBigTests */,
				689372901D51897A002AF58E /* TableViewHeadBigUITests */,
			);
		};
/* End PBXProject section */

/* Begin PBXResourcesBuildPhase section */
		689372701D51897A002AF58E /* Resources */ = {
			isa = PBXResourcesBuildPhase;
			buildActionMask = 2147483647;
			files = (
				689372801D51897A002AF58E /* LaunchScreen.storyboard in Resources */,
				6893727D1D51897A002AF58E /* Assets.xcassets in Resources */,
				6893727B1D51897A002AF58E /* Main.storyboard in Resources */,
				689372A61D51A12D002AF58E /* wumei.png in Resources */,
			);
			runOnlyForDeploymentPostprocessing = 0;
		};
		689372841D51897A002AF58E /* Resources */ = {
			isa = PBXResourcesBuildPhase;
			buildActionMask = 2147483647;
			files = (
			);
			runOnlyForDeploymentPostprocessing = 0;
		};
		6893728F1D51897A002AF58E /* Resources */ = {
			isa = PBXResourcesBuildPhase;
			buildActionMask = 2147483647;
			files = (
			);
			runOnlyForDeploymentPostprocessing = 0;
		};
/* End PBXResourcesBuildPhase section */

/* Begin PBXSourcesBuildPhase section */
		6893726E1D51897A002AF58E /* Sources */ = {
			isa = PBXSourcesBuildPhase;
			buildActionMask = 2147483647;
			files = (
				689372781D51897A002AF58E /* ViewController.swift in Sources */,
				689372761D51897A002AF58E /* AppDelegate.swift in Sources */,
			);
			runOnlyForDeploymentPostprocessing = 0;
		};
		689372821D51897A002AF58E /* Sources */ = {
			isa = PBXSourcesBuildPhase;
			buildActionMask = 2147483647;
			files = (
				6893728B1D51897A002AF58E /* TableViewHeadBigTests.swift in Sources */,
			);
			runOnlyForDeploymentPostprocessing = 0;
		};
		6893728D1D51897A002AF58E /* Sources */ = {
			isa = PBXSourcesBuildPhase;
			buildActionMask = 2147483647;
			files = (
				689372961D51897A002AF58E /* TableViewHeadBigUITests.swift in Sources */,
			);
			runOnlyForDeploymentPostprocessing = 0;
		};
/* End PBXSourcesBuildPhase section */

/* Begin PBXTargetDependency section */
		689372881D51897A002AF58E /* PBXTargetDependency */ = {
			isa = PBXTargetDependency;
			target = 689372711D51897A002AF58E /* TableViewHeadBig */;
			targetProxy = 689372871D51897A002AF58E /* PBXContainerItemProxy */;
		};
		689372931D51897A002AF58E /* PBXTargetDependency */ = {
			isa = PBXTargetDependency;
			target = 689372711D51897A002AF58E /* TableViewHeadBig */;
			targetProxy = 689372921D51897A002AF58E /* PBXContainerItemProxy */;
		};
/* End PBXTargetDependency section */

/* Begin PBXVariantGroup section */
		689372791D51897A002AF58E /* Main.storyboard */ = {
			isa = PBXVariantGroup;
			children = (
				6893727A1D51897A002AF58E /* Base */,
			);
			name = Main.storyboard;
			sourceTree = "<group>";
		};
		6893727E1D51897A002AF58E /* LaunchScreen.storyboard */ = {
			isa = PBXVariantGroup;
			children = (
				6893727F1D51897A002AF58E /* Base */,
			);
			name = LaunchScreen.storyboard;
			sourceTree = "<group>";
		};
/* End PBXVariantGroup section */

/* Begin XCBuildConfiguration section */
		689372981D51897A002AF58E /* Debug */ = {
			isa = XCBuildConfiguration;
			buildSettings = {
				ALWAYS_SEARCH_USER_PATHS = NO;
				CLANG_ANALYZER_NONNULL = YES;
				CLANG_CXX_LANGUAGE_STANDARD = "gnu++0x";
				CLANG_CXX_LIBRARY = "libc++";
				CLANG_ENABLE_MODULES = YES;
				CLANG_ENABLE_OBJC_ARC = YES;
				CLANG_WARN_BOOL_CONVERSION = YES;
				CLANG_WARN_CONSTANT_CONVERSION = YES;
				CLANG_WARN_DIRECT_OBJC_ISA_USAGE = YES_ERROR;
				CLANG_WARN_EMPTY_BODY = YES;
				CLANG_WARN_ENUM_CONVERSION = YES;
				CLANG_WARN_INT_CONVERSION = YES;
				CLANG_WARN_OBJC_ROOT_CLASS = YES_ERROR;
				CLANG_WARN_UNREACHABLE_CODE = YES;
				CLANG_WARN__DUPLICATE_METHOD_MATCH = YES;
				"CODE_SIGN_IDENTITY[sdk=iphoneos*]" = "iPhone Developer";
				COPY_PHASE_STRIP = NO;
				DEBUG_INFORMATION_FORMAT = dwarf;
				ENABLE_STRICT_OBJC_MSGSEND = YES;
				ENABLE_TESTABILITY = YES;
				GCC_C_LANGUAGE_STANDARD = gnu99;
				GCC_DYNAMIC_NO_PIC = NO;
				GCC_NO_COMMON_BLOCKS = YES;
				GCC_OPTIMIZATION_LEVEL = 0;
				GCC_PREPROCESSOR_DEFINITIONS = (
					"DEBUG=1",
					"$(inherited)",
				);
				GCC_WARN_64_TO_32_BIT_CONVERSION = YES;
				GCC_WARN_ABOUT_RETURN_TYPE = YES_ERROR;
				GCC_WARN_UNDECLARED_SELECTOR = YES;
				GCC_WARN_UNINITIALIZED_AUTOS = YES_AGGRESSIVE;
				GCC_WARN_UNUSED_FUNCTION = YES;
				GCC_WARN_UNUSED_VARIABLE = YES;
				IPHONEOS_DEPLOYMENT_TARGET = 9.3;
				MTL_ENABLE_DEBUG_INFO = YES;
				ONLY_ACTIVE_ARCH = YES;
				SDKROOT = iphoneos;
				SWIFT_OPTIMIZATION_LEVEL = "-Onone";
			};
			name = Debug;
		};
		689372991D51897A002AF58E /* Release */ = {
			isa = XCBuildConfiguration;
			buildSettings = {
				ALWAYS_SEARCH_USER_PATHS = NO;
				CLANG_ANALYZER_NONNULL = YES;
				CLANG_CXX_LANGUAGE_STANDARD = "gnu++0x";
				CLANG_CXX_LIBRARY = "libc++";
				CLANG_ENABLE_MODULES = YES;
				CLANG_ENABLE_OBJC_ARC = YES;
				CLANG_WARN_BOOL_CONVERSION = YES;
				CLANG_WARN_CONSTANT_CONVERSION = YES;
				CLANG_WARN_DIRECT_OBJC_ISA_USAGE = YES_ERROR;
				CLANG_WARN_EMPTY_BODY = YES;
				CLANG_WARN_ENUM_CONVERSION = YES;
				CLANG_WARN_INT_CONVERSION = YES;
				CLANG_WARN_OBJC_ROOT_CLASS = YES_ERROR;
				CLANG_WARN_UNREACHABLE_CODE = YES;
				CLANG_WARN__DUPLICATE_METHOD_MATCH = YES;
				"CODE_SIGN_IDENTITY[sdk=iphoneos*]" = "iPhone Developer";
				COPY_PHASE_STRIP = NO;
				DEBUG_INFORMATION_FORMAT = "dwarf-with-dsym";
				ENABLE_NS_ASSERTIONS = NO;
				ENABLE_STRICT_OBJC_MSGSEND = YES;
				GCC_C_LANGUAGE_STANDARD = gnu99;
				GCC_NO_COMMON_BLOCKS = YES;
				GCC_WARN_64_TO_32_BIT_CONVERSION = YES;
				GCC_WARN_ABOUT_RETURN_TYPE = YES_ERROR;
				GCC_WARN_UNDECLARED_SELECTOR = YES;
				GCC_WARN_UNINITIALIZED_AUTOS = YES_AGGRESSIVE;
				GCC_WARN_UNUSED_FUNCTION = YES;
				GCC_WARN_UNUSED_VARIABLE = YES;
				IPHONEOS_DEPLOYMENT_TARGET = 9.3;
				MTL_ENABLE_DEBUG_INFO = NO;
				SDKROOT = iphoneos;
				VALIDATE_PRODUCT = YES;
			};
			name = Release;
		};
		6893729B1D51897A002AF58E /* Debug */ = {
			isa = XCBuildConfiguration;
			buildSettings = {
				ASSETCATALOG_COMPILER_APPICON_NAME = AppIcon;
				INFOPLIST_FILE = TableViewHeadBig/Info.plist;
				LD_RUNPATH_SEARCH_PATHS = "$(inherited) @executable_path/Frameworks";
				PRODUCT_BUNDLE_IDENTIFIER = com.BlueCrane.TableViewHeadBig;
				PRODUCT_NAME = "$(TARGET_NAME)";
			};
			name = Debug;
		};
		6893729C1D51897A002AF58E /* Release */ = {
			isa = XCBuildConfiguration;
			buildSettings = {
				ASSETCATALOG_COMPILER_APPICON_NAME = AppIcon;
				INFOPLIST_FILE = TableViewHeadBig/Info.plist;
				LD_RUNPATH_SEARCH_PATHS = "$(inherited) @executable_path/Frameworks";
				PRODUCT_BUNDLE_IDENTIFIER = com.BlueCrane.TableViewHeadBig;
				PRODUCT_NAME = "$(TARGET_NAME)";
			};
			name = Release;
		};
		6893729E1D51897A002AF58E /* Debug */ = {
			isa = XCBuildConfiguration;
			buildSettings = {
				BUNDLE_LOADER = "$(TEST_HOST)";
				INFOPLIST_FILE = TableViewHeadBigTests/Info.plist;
				LD_RUNPATH_SEARCH_PATHS = "$(inherited) @executable_path/Frameworks @loader_path/Frameworks";
				PRODUCT_BUNDLE_IDENTIFIER = com.BlueCrane.TableViewHeadBigTests;
				PRODUCT_NAME = "$(TARGET_NAME)";
				TEST_HOST = "$(BUILT_PRODUCTS_DIR)/TableViewHeadBig.app/TableViewHeadBig";
			};
			name = Debug;
		};
		6893729F1D51897A002AF58E /* Release */ = {
			isa = XCBuildConfiguration;
			buildSettings = {
				BUNDLE_LOADER = "$(TEST_HOST)";
				INFOPLIST_FILE = TableViewHeadBigTests/Info.plist;
				LD_RUNPATH_SEARCH_PATHS = "$(inherited) @executable_path/Frameworks @loader_path/Frameworks";
				PRODUCT_BUNDLE_IDENTIFIER = com.BlueCrane.TableViewHeadBigTests;
				PRODUCT_NAME = "$(TARGET_NAME)";
				TEST_HOST = "$(BUILT_PRODUCTS_DIR)/TableViewHeadBig.app/TableViewHeadBig";
			};
			name = Release;
		};
		689372A11D51897A002AF58E /* Debug */ = {
			isa = XCBuildConfiguration;
			buildSettings = {
				INFOPLIST_FILE = TableViewHeadBigUITests/Info.plist;
				LD_RUNPATH_SEARCH_PATHS = "$(inherited) @executable_path/Frameworks @loader_path/Frameworks";
				PRODUCT_BUNDLE_IDENTIFIER = com.BlueCrane.TableViewHeadBigUITests;
				PRODUCT_NAME = "$(TARGET_NAME)";
				TEST_TARGET_NAME = TableViewHeadBig;
			};
			name = Debug;
		};
		689372A21D51897A002AF58E /* Release */ = {
			isa = XCBuildConfiguration;
			buildSettings = {
				INFOPLIST_FILE = TableViewHeadBigUITests/Info.plist;
				LD_RUNPATH_SEARCH_PATHS = "$(inherited) @executable_path/Frameworks @loader_path/Frameworks";
				PRODUCT_BUNDLE_IDENTIFIER = com.BlueCrane.TableViewHeadBigUITests;
				PRODUCT_NAME = "$(TARGET_NAME)";
				TEST_TARGET_NAME = TableViewHeadBig;
			};
			name = Release;
		};
/* End XCBuildConfiguration section */

/* Begin XCConfigurationList section */
		6893726D1D51897A002AF58E /* Build configuration list for PBXProject "TableViewHeadBig" */ = {
			isa = XCConfigurationList;
			buildConfigurations = (
				689372981D51897A002AF58E /* Debug */,
				689372991D51897A002AF58E /* Release */,
			);
			defaultConfigurationIsVisible = 0;
			defaultConfigurationName = Release;
		};
		6893729A1D51897A002AF58E /* Build configuration list for PBXNativeTarget "TableViewHeadBig" */ = {
			isa = XCConfigurationList;
			buildConfigurations = (
				6893729B1D51897A002AF58E /* Debug */,
				6893729C1D51897A002AF58E /* Release */,
			);
			defaultConfigurationIsVisible = 0;
			defaultConfigurationName = Release;
		};
		6893729D1D51897A002AF58E /* Build configuration list for PBXNativeTarget "TableViewHeadBigTests" */ = {
			isa = XCConfigurationList;
			buildConfigurations = (
				6893729E1D51897A002AF58E /* Debug */,
				6893729F1D51897A002AF58E /* Release */,
			);
			defaultConfigurationIsVisible = 0;
			defaultConfigurationName = Release;
		};
		689372A01D51897A002AF58E /* Build configuration list for PBXNativeTarget "TableViewHeadBigUITests" */ = {
			isa = XCConfigurationList;
			buildConfigurations = (
				689372A11D51897A002AF58E /* Debug */,
				689372A21D51897A002AF58E /* Release */,
			);
			defaultConfigurationIsVisible = 0;
			defaultConfigurationName = Release;
		};
/* End XCConfigurationList section */
	};
	rootObject = 6893726A1D51897A002AF58E /* Project object */;
}
